
Microsoft Visual Studio Solution File, Format Version 12.00
# Visual Studio Version 16
VisualStudioVersion = 16.0.30517.126
MinimumVisualStudioVersion = 10.0.40219.1
Project("{8BC9CEB8-8B4A-11D0-8D11-00A0C91BC942}") = "TestWork", "TestWork\TestWork.vcxproj", "{F1113513-D477-405B-A546-B238610BCDFB}"
EndProject
Global
	GlobalSection(SolutionConfigurationPlatforms) = preSolution
		Debug|x64 = Debug|x64
		Debug|x86 = Debug|x86
		Release|x64 = Release|x64
		Release|x86 = Release|x86
	EndGlobalSection
	GlobalSection(ProjectConfigurationPlatforms) = postSolution
		{F1113513-D477-405B-A546-B238610BCDFB}.Debug|x64.ActiveCfg = Debug|x64
		{F1113513-D477-405B-A546-B238610BCDFB}.Debug|x64.Build.0 = Debug|x64
		{F1113513-D477-405B-A546-B238610BCDFB}.Debug|x86.ActiveCfg = Debug|Win32
		{F1113513-D477-405B-A546-B238610BCDFB}.Debug|x86.Build.0 = Debug|Win32
		{F1113513-D477-405B-A546-B238610BCDFB}.Release|x64.ActiveCfg = Release|x64
		{F1113513-D477-405B-A546-B238610BCDFB}.Release|x64.Build.0 = Release|x64
		{F1113513-D477-405B-A546-B238610BCDFB}.Release|x86.ActiveCfg = Release|Win32
		{F1113513-D477-405B-A546-B238610BCDFB}.Release|x86.Build.0 = Release|Win32
	EndGlobalSection
	GlobalSection(SolutionProperties) = preSolution
		HideSolutionNode = FALSE
	EndGlobalSection
	GlobalSection(ExtensibilityGlobals) = postSolution
		SolutionGuid = {3B09A83F-95F0-40B0-9236-FB2E4290F17E}
	EndGlobalSection
EndGlobal
